{
  "version": 4,
  "terraform_version": "1.5.7",
  "serial": 17,
  "lineage": "2414f33e-424c-73f3-9919-8874e42ef395",
  "outputs": {
    "custom_domains": {
      "value": [
        "feifan.dev",
        "www.feifan.dev"
      ],
      "type": [
        "tuple",
        [
          "string",
          "string"
        ]
      ]
    },
    "dns_records": {
      "value": {
        "feifan.dev": {
          "name": "feifan.dev",
          "proxied": true,
          "target": "feifan-dev.pages.dev.pages.dev",
          "type": "CNAME"
        },
        "www.feifan.dev": {
          "name": "www.feifan.dev",
          "proxied": true,
          "target": "feifan-dev.pages.dev.pages.dev",
          "type": "CNAME"
        }
      },
      "type": [
        "object",
        {
          "feifan.dev": [
            "object",
            {
              "name": "string",
              "proxied": "bool",
              "target": "string",
              "type": "string"
            }
          ],
          "www.feifan.dev": [
            "object",
            {
              "name": "string",
              "proxied": "bool",
              "target": "string",
              "type": "string"
            }
          ]
        }
      ]
    },
    "pages_project_name": {
      "value": "feifan-dev",
      "type": "string"
    },
    "pages_project_subdomain": {
      "value": "feifan-dev.pages.dev",
      "type": "string"
    }
  },
  "resources": [
    {
      "mode": "data",
      "type": "cloudflare_zone",
      "name": "managed",
      "provider": "provider[\"registry.terraform.io/cloudflare/cloudflare\"]",
      "instances": [
        {
          "index_key": 0,
          "schema_version": 0,
          "attributes": {
            "account_id": "54ce844dcd3b0187185b78d73cb07520",
            "id": "71c49a7902341b2ec02d3126eae13d02",
            "name": "feifan.dev",
            "name_servers": [
              "byron.ns.cloudflare.com",
              "lia.ns.cloudflare.com"
            ],
            "paused": false,
            "plan": "Free Website",
            "status": "active",
            "vanity_name_servers": [],
            "zone_id": "71c49a7902341b2ec02d3126eae13d02"
          },
          "sensitive_attributes": []
        }
      ]
    },
    {
      "mode": "managed",
      "type": "cloudflare_pages_domain",
      "name": "custom",
      "provider": "provider[\"registry.terraform.io/cloudflare/cloudflare\"]",
      "instances": [
        {
          "index_key": "feifan.dev",
          "schema_version": 0,
          "attributes": {
            "account_id": "54ce844dcd3b0187185b78d73cb07520",
            "domain": "feifan.dev",
            "id": "76b083fd-645b-4bbd-9875-1e128c972d4b",
            "project_name": "feifan-dev",
            "status": "pending"
          },
          "sensitive_attributes": [],
          "private": "bnVsbA==",
          "dependencies": [
            "cloudflare_pages_project.site"
          ]
        },
        {
          "index_key": "www.feifan.dev",
          "schema_version": 0,
          "attributes": {
            "account_id": "54ce844dcd3b0187185b78d73cb07520",
            "domain": "www.feifan.dev",
            "id": "3c2fbade-d23a-47a3-aebc-09af3156d23a",
            "project_name": "feifan-dev",
            "status": "pending"
          },
          "sensitive_attributes": [],
          "private": "bnVsbA==",
          "dependencies": [
            "cloudflare_pages_project.site"
          ]
        }
      ]
    },
    {
      "mode": "managed",
      "type": "cloudflare_pages_project",
      "name": "site",
      "provider": "provider[\"registry.terraform.io/cloudflare/cloudflare\"]",
      "instances": [
        {
          "schema_version": 0,
          "attributes": {
            "account_id": "54ce844dcd3b0187185b78d73cb07520",
            "build_config": [
              {
                "build_caching": false,
                "build_command": "npm run build",
                "destination_dir": "dist",
                "root_dir": "",
                "web_analytics_tag": "",
                "web_analytics_token": ""
              }
            ],
            "created_on": "2025-11-19T11:24:54Z",
            "deployment_configs": [
              {
                "preview": [
                  {
                    "always_use_latest_compatibility_date": false,
                    "compatibility_date": "2025-11-19",
                    "compatibility_flags": [],
                    "d1_databases": {},
                    "durable_object_namespaces": {},
                    "environment_variables": {
                      "NODE_VERSION": "20.9.0",
                      "NOTION_API_KEY": "ntn_x64662794642QMHCHi7HutagWPwzZhL8XCuSqoPwY3W2Uy"
                    },
                    "fail_open": false,
                    "kv_namespaces": {},
                    "placement": [
                      {
                        "mode": ""
                      }
                    ],
                    "r2_buckets": {},
                    "secrets": {},
                    "service_binding": [],
                    "usage_model": "bundled"
                  }
                ],
                "production": [
                  {
                    "always_use_latest_compatibility_date": false,
                    "compatibility_date": "2025-11-19",
                    "compatibility_flags": [],
                    "d1_databases": {},
                    "durable_object_namespaces": {},
                    "environment_variables": {
                      "NODE_VERSION": "20.9.0",
                      "NOTION_API_KEY": "ntn_x64662794642QMHCHi7HutagWPwzZhL8XCuSqoPwY3W2Uy"
                    },
                    "fail_open": false,
                    "kv_namespaces": {},
                    "placement": [
                      {
                        "mode": ""
                      }
                    ],
                    "r2_buckets": {},
                    "secrets": {},
                    "service_binding": [],
                    "usage_model": "bundled"
                  }
                ]
              }
            ],
            "domains": [
              "feifan-dev.pages.dev"
            ],
            "id": "feifan-dev",
            "name": "feifan-dev",
            "production_branch": "main",
            "source": [
              {
                "config": [
                  {
                    "deployments_enabled": true,
                    "owner": "amarkwong",
                    "pr_comments_enabled": true,
                    "preview_branch_excludes": [],
                    "preview_branch_includes": [
                      "*"
                    ],
                    "preview_deployment_setting": "all",
                    "production_branch": "main",
                    "production_deployment_enabled": true,
                    "repo_name": "feifan.dev"
                  }
                ],
                "type": "github"
              }
            ],
            "subdomain": "feifan-dev.pages.dev"
          },
          "sensitive_attributes": [
            [
              {
                "type": "get_attr",
                "value": "deployment_configs"
              },
              {
                "type": "index",
                "value": {
                  "value": 0,
                  "type": "number"
                }
              },
              {
                "type": "get_attr",
                "value": "preview"
              },
              {
                "type": "index",
                "value": {
                  "value": 0,
                  "type": "number"
                }
              },
              {
                "type": "get_attr",
                "value": "environment_variables"
              }
            ],
            [
              {
                "type": "get_attr",
                "value": "deployment_configs"
              },
              {
                "type": "index",
                "value": {
                  "value": 0,
                  "type": "number"
                }
              },
              {
                "type": "get_attr",
                "value": "production"
              },
              {
                "type": "index",
                "value": {
                  "value": 0,
                  "type": "number"
                }
              },
              {
                "type": "get_attr",
                "value": "environment_variables"
              }
            ]
          ],
          "private": "bnVsbA=="
        }
      ]
    },
    {
      "mode": "managed",
      "type": "cloudflare_record",
      "name": "pages_cname",
      "provider": "provider[\"registry.terraform.io/cloudflare/cloudflare\"]",
      "instances": [
        {
          "index_key": "feifan.dev",
          "schema_version": 3,
          "attributes": {
            "allow_overwrite": false,
            "comment": "",
            "content": null,
            "created_on": "2025-11-19T11:30:27.019568Z",
            "data": [],
            "hostname": "feifan.dev",
            "id": "bd1df5966f9d612f14c33653922dfb09",
            "metadata": {},
            "modified_on": "2025-11-19T11:50:15.082795Z",
            "name": "@",
            "priority": null,
            "proxiable": true,
            "proxied": true,
            "tags": [],
            "timeouts": null,
            "ttl": 1,
            "type": "CNAME",
            "value": "feifan-dev.pages.dev.pages.dev",
            "zone_id": "71c49a7902341b2ec02d3126eae13d02"
          },
          "sensitive_attributes": [],
          "private": "eyJlMmJmYjczMC1lY2FhLTExZTYtOGY4OC0zNDM2M2JjN2M0YzAiOnsiY3JlYXRlIjozMDAwMDAwMDAwMCwidXBkYXRlIjozMDAwMDAwMDAwMH0sInNjaGVtYV92ZXJzaW9uIjoiMyJ9",
          "dependencies": [
            "cloudflare_pages_project.site",
            "data.cloudflare_zone.managed"
          ]
        },
        {
          "index_key": "www.feifan.dev",
          "schema_version": 3,
          "attributes": {
            "allow_overwrite": false,
            "comment": "",
            "content": null,
            "created_on": "2025-11-19T11:30:27.023571Z",
            "data": [],
            "hostname": "www.feifan.dev",
            "id": "e3299835b5283f39ea4aec8357d822ec",
            "metadata": {},
            "modified_on": "2025-11-19T11:50:15.055308Z",
            "name": "www",
            "priority": null,
            "proxiable": true,
            "proxied": true,
            "tags": [],
            "timeouts": null,
            "ttl": 1,
            "type": "CNAME",
            "value": "feifan-dev.pages.dev.pages.dev",
            "zone_id": "71c49a7902341b2ec02d3126eae13d02"
          },
          "sensitive_attributes": [],
          "private": "eyJlMmJmYjczMC1lY2FhLTExZTYtOGY4OC0zNDM2M2JjN2M0YzAiOnsiY3JlYXRlIjozMDAwMDAwMDAwMCwidXBkYXRlIjozMDAwMDAwMDAwMH0sInNjaGVtYV92ZXJzaW9uIjoiMyJ9",
          "dependencies": [
            "cloudflare_pages_project.site",
            "data.cloudflare_zone.managed"
          ]
        }
      ]
    }
  ],
  "check_results": null
}
